// !$*UTF8*$!
{
	archiveVersion = 1;
	classes = {
	};
	objectVersion = 56;
	objects = {

/* Begin PBXBuildFile section */
		24CE2C1A2A948B8D00646C53 /* PhotoDetailsView.swift in Sources */ = {isa = PBXBuildFile; fileRef = 24CE2C192A948B8D00646C53 /* PhotoDetailsView.swift */; };
		24CE2C1C2A950CC400646C53 /* PhotosListCellViewModel.swift in Sources */ = {isa = PBXBuildFile; fileRef = 24CE2C1B2A950CC400646C53 /* PhotosListCellViewModel.swift */; };
		24CE2C1E2A950D6A00646C53 /* PhotosListCellView.swift in Sources */ = {isa = PBXBuildFile; fileRef = 24CE2C1D2A950D6A00646C53 /* PhotosListCellView.swift */; };
		24CE2C202A950DB400646C53 /* Constants.swift in Sources */ = {isa = PBXBuildFile; fileRef = 24CE2C1F2A950DB400646C53 /* Constants.swift */; };
		24CE2C222A950F7C00646C53 /* CommonViewModifiers.swift in Sources */ = {isa = PBXBuildFile; fileRef = 24CE2C212A950F7C00646C53 /* CommonViewModifiers.swift */; };
		24CE2C252A950F9F00646C53 /* UIViewExtension.swift in Sources */ = {isa = PBXBuildFile; fileRef = 24CE2C242A950F9F00646C53 /* UIViewExtension.swift */; };
		24EC33532A939A01000156A6 /* PhotosListApp.swift in Sources */ = {isa = PBXBuildFile; fileRef = 24EC33522A939A01000156A6 /* PhotosListApp.swift */; };
		24EC33552A939A01000156A6 /* ContentView.swift in Sources */ = {isa = PBXBuildFile; fileRef = 24EC33542A939A01000156A6 /* ContentView.swift */; };
		24EC33572A939A04000156A6 /* Assets.xcassets in Resources */ = {isa = PBXBuildFile; fileRef = 24EC33562A939A04000156A6 /* Assets.xcassets */; };
		24EC335B2A939A04000156A6 /* Preview Assets.xcassets in Resources */ = {isa = PBXBuildFile; fileRef = 24EC335A2A939A04000156A6 /* Preview Assets.xcassets */; };
		24EC33692A939A7F000156A6 /* RestService.swift in Sources */ = {isa = PBXBuildFile; fileRef = 24EC33682A939A7F000156A6 /* RestService.swift */; };
		24EC336B2A939A89000156A6 /* RestClient.swift in Sources */ = {isa = PBXBuildFile; fileRef = 24EC336A2A939A89000156A6 /* RestClient.swift */; };
		24EC336E2A939ADF000156A6 /* BaseApiRequest.swift in Sources */ = {isa = PBXBuildFile; fileRef = 24EC336D2A939ADF000156A6 /* BaseApiRequest.swift */; };
		24EC33702A939C15000156A6 /* PhotosListModel.swift in Sources */ = {isa = PBXBuildFile; fileRef = 24EC336F2A939C15000156A6 /* PhotosListModel.swift */; };
		24EC33722A939CE4000156A6 /* GetPhotosListRequest.swift in Sources */ = {isa = PBXBuildFile; fileRef = 24EC33712A939CE4000156A6 /* GetPhotosListRequest.swift */; };
		24EC33742A939D9F000156A6 /* PhotosListView.swift in Sources */ = {isa = PBXBuildFile; fileRef = 24EC33732A939D9F000156A6 /* PhotosListView.swift */; };
		24EC33762A939DAC000156A6 /* PhotosListViewModel.swift in Sources */ = {isa = PBXBuildFile; fileRef = 24EC33752A939DAC000156A6 /* PhotosListViewModel.swift */; };
		24EC33792A93A05C000156A6 /* SDWebImageSwiftUI in Frameworks */ = {isa = PBXBuildFile; productRef = 24EC33782A93A05C000156A6 /* SDWebImageSwiftUI */; };
		24EC337C2A93A07B000156A6 /* LoadImageFromURL.swift in Sources */ = {isa = PBXBuildFile; fileRef = 24EC337B2A93A07B000156A6 /* LoadImageFromURL.swift */; };
/* End PBXBuildFile section */

/* Begin PBXFileReference section */
		24CE2C192A948B8D00646C53 /* PhotoDetailsView.swift */ = {isa = PBXFileReference; lastKnownFileType = sourcecode.swift; path = PhotoDetailsView.swift; sourceTree = "<group>"; };
		24CE2C1B2A950CC400646C53 /* PhotosListCellViewModel.swift */ = {isa = PBXFileReference; lastKnownFileType = sourcecode.swift; path = PhotosListCellViewModel.swift; sourceTree = "<group>"; };
		24CE2C1D2A950D6A00646C53 /* PhotosListCellView.swift */ = {isa = PBXFileReference; lastKnownFileType = sourcecode.swift; path = PhotosListCellView.swift; sourceTree = "<group>"; };
		24CE2C1F2A950DB400646C53 /* Constants.swift */ = {isa = PBXFileReference; lastKnownFileType = sourcecode.swift; path = Constants.swift; sourceTree = "<group>"; };
		24CE2C212A950F7C00646C53 /* CommonViewModifiers.swift */ = {isa = PBXFileReference; lastKnownFileType = sourcecode.swift; path = CommonViewModifiers.swift; sourceTree = "<group>"; };
		24CE2C242A950F9F00646C53 /* UIViewExtension.swift */ = {isa = PBXFileReference; lastKnownFileType = sourcecode.swift; path = UIViewExtension.swift; sourceTree = "<group>"; };
		24EC334F2A939A01000156A6 /* PhotosList.app */ = {isa = PBXFileReference; explicitFileType = wrapper.application; includeInIndex = 0; path = PhotosList.app; sourceTree = BUILT_PRODUCTS_DIR; };
		24EC33522A939A01000156A6 /* PhotosListApp.swift */ = {isa = PBXFileReference; lastKnownFileType = sourcecode.swift; path = PhotosListApp.swift; sourceTree = "<group>"; };
		24EC33542A939A01000156A6 /* ContentView.swift */ = {isa = PBXFileReference; lastKnownFileType = sourcecode.swift; path = ContentView.swift; sourceTree = "<group>"; };
		24EC33562A939A04000156A6 /* Assets.xcassets */ = {isa = PBXFileReference; lastKnownFileType = folder.assetcatalog; path = Assets.xcassets; sourceTree = "<group>"; };
		24EC33582A939A04000156A6 /* PhotosList.entitlements */ = {isa = PBXFileReference; lastKnownFileType = text.plist.entitlements; path = PhotosList.entitlements; sourceTree = "<group>"; };
		24EC335A2A939A04000156A6 /* Preview Assets.xcassets */ = {isa = PBXFileReference; lastKnownFileType = folder.assetcatalog; path = "Preview Assets.xcassets"; sourceTree = "<group>"; };
		24EC33682A939A7F000156A6 /* RestService.swift */ = {isa = PBXFileReference; lastKnownFileType = sourcecode.swift; path = RestService.swift; sourceTree = "<group>"; };
		24EC336A2A939A89000156A6 /* RestClient.swift */ = {isa = PBXFileReference; lastKnownFileType = sourcecode.swift; path = RestClient.swift; sourceTree = "<group>"; };
		24EC336D2A939ADF000156A6 /* BaseApiRequest.swift */ = {isa = PBXFileReference; lastKnownFileType = sourcecode.swift; path = BaseApiRequest.swift; sourceTree = "<group>"; };
		24EC336F2A939C15000156A6 /* PhotosListModel.swift */ = {isa = PBXFileReference; lastKnownFileType = sourcecode.swift; path = PhotosListModel.swift; sourceTree = "<group>"; };
		24EC33712A939CE4000156A6 /* GetPhotosListRequest.swift */ = {isa = PBXFileReference; lastKnownFileType = sourcecode.swift; path = GetPhotosListRequest.swift; sourceTree = "<group>"; };
		24EC33732A939D9F000156A6 /* PhotosListView.swift */ = {isa = PBXFileReference; lastKnownFileType = sourcecode.swift; path = PhotosListView.swift; sourceTree = "<group>"; };
		24EC33752A939DAC000156A6 /* PhotosListViewModel.swift */ = {isa = PBXFileReference; lastKnownFileType = sourcecode.swift; path = PhotosListViewModel.swift; sourceTree = "<group>"; };
		24EC337B2A93A07B000156A6 /* LoadImageFromURL.swift */ = {isa = PBXFileReference; lastKnownFileType = sourcecode.swift; path = LoadImageFromURL.swift; sourceTree = "<group>"; };
/* End PBXFileReference section */

/* Begin PBXFrameworksBuildPhase section */
		24EC334C2A939A01000156A6 /* Frameworks */ = {
			isa = PBXFrameworksBuildPhase;
			buildActionMask = 2147483647;
			files = (
				24EC33792A93A05C000156A6 /* SDWebImageSwiftUI in Frameworks */,
			);
			runOnlyForDeploymentPostprocessing = 0;
		};
/* End PBXFrameworksBuildPhase section */

/* Begin PBXGroup section */
		24CE2C232A950F9100646C53 /* Extension */ = {
			isa = PBXGroup;
			children = (
				24CE2C242A950F9F00646C53 /* UIViewExtension.swift */,
			);
			path = Extension;
			sourceTree = "<group>";
		};
		24EC33462A939A01000156A6 = {
			isa = PBXGroup;
			children = (
				24EC33512A939A01000156A6 /* PhotosList */,
				24EC33502A939A01000156A6 /* Products */,
			);
			sourceTree = "<group>";
		};
		24EC33502A939A01000156A6 /* Products */ = {
			isa = PBXGroup;
			children = (
				24EC334F2A939A01000156A6 /* PhotosList.app */,
			);
			name = Products;
			sourceTree = "<group>";
		};
		24EC33512A939A01000156A6 /* PhotosList */ = {
			isa = PBXGroup;
			children = (
				24CE2C232A950F9100646C53 /* Extension */,
				24EC337A2A93A067000156A6 /* Utils */,
				24EC33642A939A4E000156A6 /* Features */,
				24EC33672A939A6E000156A6 /* Network */,
				24EC33522A939A01000156A6 /* PhotosListApp.swift */,
				24EC33542A939A01000156A6 /* ContentView.swift */,
				24EC33562A939A04000156A6 /* Assets.xcassets */,
				24EC33582A939A04000156A6 /* PhotosList.entitlements */,
				24EC33592A939A04000156A6 /* Preview Content */,
			);
			path = PhotosList;
			sourceTree = "<group>";
		};
		24EC33592A939A04000156A6 /* Preview Content */ = {
			isa = PBXGroup;
			children = (
				24EC335A2A939A04000156A6 /* Preview Assets.xcassets */,
			);
			path = "Preview Content";
			sourceTree = "<group>";
		};
		24EC33622A939A1B000156A6 /* View */ = {
			isa = PBXGroup;
			children = (
				24EC33732A939D9F000156A6 /* PhotosListView.swift */,
				24CE2C192A948B8D00646C53 /* PhotoDetailsView.swift */,
				24CE2C1D2A950D6A00646C53 /* PhotosListCellView.swift */,
			);
			path = View;
			sourceTree = "<group>";
		};
		24EC33632A939A3A000156A6 /* ViewModel */ = {
			isa = PBXGroup;
			children = (
				24EC33752A939DAC000156A6 /* PhotosListViewModel.swift */,
				24CE2C1B2A950CC400646C53 /* PhotosListCellViewModel.swift */,
			);
			path = ViewModel;
			sourceTree = "<group>";
		};
		24EC33642A939A4E000156A6 /* Features */ = {
			isa = PBXGroup;
			children = (
				24EC33652A939A56000156A6 /* PhotosList */,
			);
			path = Features;
			sourceTree = "<group>";
		};
		24EC33652A939A56000156A6 /* PhotosList */ = {
			isa = PBXGroup;
			children = (
				24EC33662A939A68000156A6 /* Model */,
				24EC33632A939A3A000156A6 /* ViewModel */,
				24EC33622A939A1B000156A6 /* View */,
			);
			path = PhotosList;
			sourceTree = "<group>";
		};
		24EC33662A939A68000156A6 /* Model */ = {
			isa = PBXGroup;
			children = (
				24EC336F2A939C15000156A6 /* PhotosListModel.swift */,
			);
			path = Model;
			sourceTree = "<group>";
		};
		24EC33672A939A6E000156A6 /* Network */ = {
			isa = PBXGroup;
			children = (
				24EC336C2A939ACE000156A6 /* Request */,
				24EC33682A939A7F000156A6 /* RestService.swift */,
				24EC336A2A939A89000156A6 /* RestClient.swift */,
			);
			path = Network;
			sourceTree = "<group>";
		};
		24EC336C2A939ACE000156A6 /* Request */ = {
			isa = PBXGroup;
			children = (
				24EC336D2A939ADF000156A6 /* BaseApiRequest.swift */,
				24EC33712A939CE4000156A6 /* GetPhotosListRequest.swift */,
			);
			path = Request;
			sourceTree = "<group>";
		};
		24EC337A2A93A067000156A6 /* Utils */ = {
			isa = PBXGroup;
			children = (
				24EC337B2A93A07B000156A6 /* LoadImageFromURL.swift */,
				24CE2C1F2A950DB400646C53 /* Constants.swift */,
				24CE2C212A950F7C00646C53 /* CommonViewModifiers.swift */,
			);
			path = Utils;
			sourceTree = "<group>";
		};
/* End PBXGroup section */

/* Begin PBXNativeTarget section */
		24EC334E2A939A01000156A6 /* PhotosList */ = {
			isa = PBXNativeTarget;
			buildConfigurationList = 24EC335E2A939A04000156A6 /* Build configuration list for PBXNativeTarget "PhotosList" */;
			buildPhases = (
				24EC334B2A939A01000156A6 /* Sources */,
				24EC334C2A939A01000156A6 /* Frameworks */,
				24EC334D2A939A01000156A6 /* Resources */,
			);
			buildRules = (
			);
			dependencies = (
			);
			name = PhotosList;
			packageProductDependencies = (
				24EC33782A93A05C000156A6 /* SDWebImageSwiftUI */,
			);
			productName = PhotosList;
			productReference = 24EC334F2A939A01000156A6 /* PhotosList.app */;
			productType = "com.apple.product-type.application";
		};
/* End PBXNativeTarget section */

/* Begin PBXProject section */
		24EC33472A939A01000156A6 /* Project object */ = {
			isa = PBXProject;
			attributes = {
				BuildIndependentTargetsInParallel = 1;
				LastSwiftUpdateCheck = 1420;
				LastUpgradeCheck = 1420;
				TargetAttributes = {
					24EC334E2A939A01000156A6 = {
						CreatedOnToolsVersion = 14.2;
					};
				};
			};
			buildConfigurationList = 24EC334A2A939A01000156A6 /* Build configuration list for PBXProject "PhotosList" */;
			compatibilityVersion = "Xcode 14.0";
			developmentRegion = en;
			hasScannedForEncodings = 0;
			knownRegions = (
				en,
				Base,
			);
			mainGroup = 24EC33462A939A01000156A6;
			packageReferences = (
				24EC33772A93A05C000156A6 /* XCRemoteSwiftPackageReference "SDWebImageSwiftUI" */,
			);
			productRefGroup = 24EC33502A939A01000156A6 /* Products */;
			projectDirPath = "";
			projectRoot = "";
			targets = (
				24EC334E2A939A01000156A6 /* PhotosList */,
			);
		};
/* End PBXProject section */

/* Begin PBXResourcesBuildPhase section */
		24EC334D2A939A01000156A6 /* Resources */ = {
			isa = PBXResourcesBuildPhase;
			buildActionMask = 2147483647;
			files = (
				24EC335B2A939A04000156A6 /* Preview Assets.xcassets in Resources */,
				24EC33572A939A04000156A6 /* Assets.xcassets in Resources */,
			);
			runOnlyForDeploymentPostprocessing = 0;
		};
/* End PBXResourcesBuildPhase section */

/* Begin PBXSourcesBuildPhase section */
		24EC334B2A939A01000156A6 /* Sources */ = {
			isa = PBXSourcesBuildPhase;
			buildActionMask = 2147483647;
			files = (
				24EC336B2A939A89000156A6 /* RestClient.swift in Sources */,
				24EC33552A939A01000156A6 /* ContentView.swift in Sources */,
				24EC33702A939C15000156A6 /* PhotosListModel.swift in Sources */,
				24EC33742A939D9F000156A6 /* PhotosListView.swift in Sources */,
				24EC33532A939A01000156A6 /* PhotosListApp.swift in Sources */,
				24CE2C1C2A950CC400646C53 /* PhotosListCellViewModel.swift in Sources */,
				24CE2C252A950F9F00646C53 /* UIViewExtension.swift in Sources */,
				24CE2C1E2A950D6A00646C53 /* PhotosListCellView.swift in Sources */,
				24CE2C222A950F7C00646C53 /* CommonViewModifiers.swift in Sources */,
				24EC33762A939DAC000156A6 /* PhotosListViewModel.swift in Sources */,
				24EC336E2A939ADF000156A6 /* BaseApiRequest.swift in Sources */,
				24CE2C1A2A948B8D00646C53 /* PhotoDetailsView.swift in Sources */,
				24EC337C2A93A07B000156A6 /* LoadImageFromURL.swift in Sources */,
				24CE2C202A950DB400646C53 /* Constants.swift in Sources */,
				24EC33692A939A7F000156A6 /* RestService.swift in Sources */,
				24EC33722A939CE4000156A6 /* GetPhotosListRequest.swift in Sources */,
			);
			runOnlyForDeploymentPostprocessing = 0;
		};
/* End PBXSourcesBuildPhase section */

/* Begin XCBuildConfiguration section */
		24EC335C2A939A04000156A6 /* Debug */ = {
			isa = XCBuildConfiguration;
			buildSettings = {
				ALWAYS_SEARCH_USER_PATHS = NO;
				CLANG_ANALYZER_NONNULL = YES;
				CLANG_ANALYZER_NUMBER_OBJECT_CONVERSION = YES_AGGRESSIVE;
				CLANG_CXX_LANGUAGE_STANDARD = "gnu++20";
				CLANG_ENABLE_MODULES = YES;
				CLANG_ENABLE_OBJC_ARC = YES;
				CLANG_ENABLE_OBJC_WEAK = YES;
				CLANG_WARN_BLOCK_CAPTURE_AUTORELEASING = YES;
				CLANG_WARN_BOOL_CONVERSION = YES;
				CLANG_WARN_COMMA = YES;
				CLANG_WARN_CONSTANT_CONVERSION = YES;
				CLANG_WARN_DEPRECATED_OBJC_IMPLEMENTATIONS = YES;
				CLANG_WARN_DIRECT_OBJC_ISA_USAGE = YES_ERROR;
				CLANG_WARN_DOCUMENTATION_COMMENTS = YES;
				CLANG_WARN_EMPTY_BODY = YES;
				CLANG_WARN_ENUM_CONVERSION = YES;
				CLANG_WARN_INFINITE_RECURSION = YES;
				CLANG_WARN_INT_CONVERSION = YES;
				CLANG_WARN_NON_LITERAL_NULL_CONVERSION = YES;
				CLANG_WARN_OBJC_IMPLICIT_RETAIN_SELF = YES;
				CLANG_WARN_OBJC_LITERAL_CONVERSION = YES;
				CLANG_WARN_OBJC_ROOT_CLASS = YES_ERROR;
				CLANG_WARN_QUOTED_INCLUDE_IN_FRAMEWORK_HEADER = YES;
				CLANG_WARN_RANGE_LOOP_ANALYSIS = YES;
				CLANG_WARN_STRICT_PROTOTYPES = YES;
				CLANG_WARN_SUSPICIOUS_MOVE = YES;
				CLANG_WARN_UNGUARDED_AVAILABILITY = YES_AGGRESSIVE;
				CLANG_WARN_UNREACHABLE_CODE = YES;
				CLANG_WARN__DUPLICATE_METHOD_MATCH = YES;
				COPY_PHASE_STRIP = NO;
				DEBUG_INFORMATION_FORMAT = dwarf;
				ENABLE_STRICT_OBJC_MSGSEND = YES;
				ENABLE_TESTABILITY = YES;
				GCC_C_LANGUAGE_STANDARD = gnu11;
				GCC_DYNAMIC_NO_PIC = NO;
				GCC_NO_COMMON_BLOCKS = YES;
				GCC_OPTIMIZATION_LEVEL = 0;
				GCC_PREPROCESSOR_DEFINITIONS = (
					"DEBUG=1",
					"$(inherited)",
				);
				GCC_WARN_64_TO_32_BIT_CONVERSION = YES;
				GCC_WARN_ABOUT_RETURN_TYPE = YES_ERROR;
				GCC_WARN_UNDECLARED_SELECTOR = YES;
				GCC_WARN_UNINITIALIZED_AUTOS = YES_AGGRESSIVE;
				GCC_WARN_UNUSED_FUNCTION = YES;
				GCC_WARN_UNUSED_VARIABLE = YES;
				MTL_ENABLE_DEBUG_INFO = INCLUDE_SOURCE;
				MTL_FAST_MATH = YES;
				ONLY_ACTIVE_ARCH = YES;
				SWIFT_ACTIVE_COMPILATION_CONDITIONS = DEBUG;
				SWIFT_OPTIMIZATION_LEVEL = "-Onone";
			};
			name = Debug;
		};
		24EC335D2A939A04000156A6 /* Release */ = {
			isa = XCBuildConfiguration;
			buildSettings = {
				ALWAYS_SEARCH_USER_PATHS = NO;
				CLANG_ANALYZER_NONNULL = YES;
				CLANG_ANALYZER_NUMBER_OBJECT_CONVERSION = YES_AGGRESSIVE;
				CLANG_CXX_LANGUAGE_STANDARD = "gnu++20";
				CLANG_ENABLE_MODULES = YES;
				CLANG_ENABLE_OBJC_ARC = YES;
				CLANG_ENABLE_OBJC_WEAK = YES;
				CLANG_WARN_BLOCK_CAPTURE_AUTORELEASING = YES;
				CLANG_WARN_BOOL_CONVERSION = YES;
				CLANG_WARN_COMMA = YES;
				CLANG_WARN_CONSTANT_CONVERSION = YES;
				CLANG_WARN_DEPRECATED_OBJC_IMPLEMENTATIONS = YES;
				CLANG_WARN_DIRECT_OBJC_ISA_USAGE = YES_ERROR;
				CLANG_WARN_DOCUMENTATION_COMMENTS = YES;
				CLANG_WARN_EMPTY_BODY = YES;
				CLANG_WARN_ENUM_CONVERSION = YES;
				CLANG_WARN_INFINITE_RECURSION = YES;
				CLANG_WARN_INT_CONVERSION = YES;
				CLANG_WARN_NON_LITERAL_NULL_CONVERSION = YES;
				CLANG_WARN_OBJC_IMPLICIT_RETAIN_SELF = YES;
				CLANG_WARN_OBJC_LITERAL_CONVERSION = YES;
				CLANG_WARN_OBJC_ROOT_CLASS = YES_ERROR;
				CLANG_WARN_QUOTED_INCLUDE_IN_FRAMEWORK_HEADER = YES;
				CLANG_WARN_RANGE_LOOP_ANALYSIS = YES;
				CLANG_WARN_STRICT_PROTOTYPES = YES;
				CLANG_WARN_SUSPICIOUS_MOVE = YES;
				CLANG_WARN_UNGUARDED_AVAILABILITY = YES_AGGRESSIVE;
				CLANG_WARN_UNREACHABLE_CODE = YES;
				CLANG_WARN__DUPLICATE_METHOD_MATCH = YES;
				COPY_PHASE_STRIP = NO;
				DEBUG_INFORMATION_FORMAT = "dwarf-with-dsym";
				ENABLE_NS_ASSERTIONS = NO;
				ENABLE_STRICT_OBJC_MSGSEND = YES;
				GCC_C_LANGUAGE_STANDARD = gnu11;
				GCC_NO_COMMON_BLOCKS = YES;
				GCC_WARN_64_TO_32_BIT_CONVERSION = YES;
				GCC_WARN_ABOUT_RETURN_TYPE = YES_ERROR;
				GCC_WARN_UNDECLARED_SELECTOR = YES;
				GCC_WARN_UNINITIALIZED_AUTOS = YES_AGGRESSIVE;
				GCC_WARN_UNUSED_FUNCTION = YES;
				GCC_WARN_UNUSED_VARIABLE = YES;
				MTL_ENABLE_DEBUG_INFO = NO;
				MTL_FAST_MATH = YES;
				SWIFT_COMPILATION_MODE = wholemodule;
				SWIFT_OPTIMIZATION_LEVEL = "-O";
			};
			name = Release;
		};
		24EC335F2A939A04000156A6 /* Debug */ = {
			isa = XCBuildConfiguration;
			buildSettings = {
				ASSETCATALOG_COMPILER_APPICON_NAME = AppIcon;
				ASSETCATALOG_COMPILER_GLOBAL_ACCENT_COLOR_NAME = AccentColor;
				CODE_SIGN_ENTITLEMENTS = PhotosList/PhotosList.entitlements;
				CODE_SIGN_STYLE = Automatic;
				CURRENT_PROJECT_VERSION = 1;
				DEVELOPMENT_ASSET_PATHS = "\"PhotosList/Preview Content\"";
				DEVELOPMENT_TEAM = ZQY9986645;
				ENABLE_HARDENED_RUNTIME = YES;
				ENABLE_PREVIEWS = YES;
				GENERATE_INFOPLIST_FILE = YES;
				"INFOPLIST_KEY_UIApplicationSceneManifest_Generation[sdk=iphoneos*]" = YES;
				"INFOPLIST_KEY_UIApplicationSceneManifest_Generation[sdk=iphonesimulator*]" = YES;
				"INFOPLIST_KEY_UIApplicationSupportsIndirectInputEvents[sdk=iphoneos*]" = YES;
				"INFOPLIST_KEY_UIApplicationSupportsIndirectInputEvents[sdk=iphonesimulator*]" = YES;
				"INFOPLIST_KEY_UILaunchScreen_Generation[sdk=iphoneos*]" = YES;
				"INFOPLIST_KEY_UILaunchScreen_Generation[sdk=iphonesimulator*]" = YES;
				"INFOPLIST_KEY_UIStatusBarStyle[sdk=iphoneos*]" = UIStatusBarStyleDefault;
				"INFOPLIST_KEY_UIStatusBarStyle[sdk=iphonesimulator*]" = UIStatusBarStyleDefault;
				INFOPLIST_KEY_UISupportedInterfaceOrientations_iPad = "UIInterfaceOrientationPortrait UIInterfaceOrientationPortraitUpsideDown UIInterfaceOrientationLandscapeLeft UIInterfaceOrientationLandscapeRight";
				INFOPLIST_KEY_UISupportedInterfaceOrientations_iPhone = "UIInterfaceOrientationPortrait UIInterfaceOrientationLandscapeLeft UIInterfaceOrientationLandscapeRight";
				IPHONEOS_DEPLOYMENT_TARGET = 16.0;
				LD_RUNPATH_SEARCH_PATHS = "@executable_path/Frameworks";
				"LD_RUNPATH_SEARCH_PATHS[sdk=macosx*]" = "@executable_path/../Frameworks";
				MACOSX_DEPLOYMENT_TARGET = 13.1;
				MARKETING_VERSION = 1.0;
				PRODUCT_BUNDLE_IDENTIFIER = mathan.PhotosList;
				PRODUCT_NAME = "$(TARGET_NAME)";
				SDKROOT = auto;
				SUPPORTED_PLATFORMS = "iphoneos iphonesimulator macosx";
				SWIFT_EMIT_LOC_STRINGS = YES;
				SWIFT_VERSION = 5.0;
				TARGETED_DEVICE_FAMILY = "1,2";
			};
			name = Debug;
		};
		24EC33602A939A04000156A6 /* Release */ = {
			isa = XCBuildConfiguration;
			buildSettings = {
				ASSETCATALOG_COMPILER_APPICON_NAME = AppIcon;
				ASSETCATALOG_COMPILER_GLOBAL_ACCENT_COLOR_NAME = AccentColor;
				CODE_SIGN_ENTITLEMENTS = PhotosList/PhotosList.entitlements;
				CODE_SIGN_STYLE = Automatic;
				CURRENT_PROJECT_VERSION = 1;
				DEVELOPMENT_ASSET_PATHS = "\"PhotosList/Preview Content\"";
				DEVELOPMENT_TEAM = ZQY9986645;
				ENABLE_HARDENED_RUNTIME = YES;
				ENABLE_PREVIEWS = YES;
				GENERATE_INFOPLIST_FILE = YES;
				"INFOPLIST_KEY_UIApplicationSceneManifest_Generation[sdk=iphoneos*]" = YES;
				"INFOPLIST_KEY_UIApplicationSceneManifest_Generation[sdk=iphonesimulator*]" = YES;
				"INFOPLIST_KEY_UIApplicationSupportsIndirectInputEvents[sdk=iphoneos*]" = YES;
				"INFOPLIST_KEY_UIApplicationSupportsIndirectInputEvents[sdk=iphonesimulator*]" = YES;
				"INFOPLIST_KEY_UILaunchScreen_Generation[sdk=iphoneos*]" = YES;
				"INFOPLIST_KEY_UILaunchScreen_Generation[sdk=iphonesimulator*]" = YES;
				"INFOPLIST_KEY_UIStatusBarStyle[sdk=iphoneos*]" = UIStatusBarStyleDefault;
				"INFOPLIST_KEY_UIStatusBarStyle[sdk=iphonesimulator*]" = UIStatusBarStyleDefault;
				INFOPLIST_KEY_UISupportedInterfaceOrientations_iPad = "UIInterfaceOrientationPortrait UIInterfaceOrientationPortraitUpsideDown UIInterfaceOrientationLandscapeLeft UIInterfaceOrientationLandscapeRight";
				INFOPLIST_KEY_UISupportedInterfaceOrientations_iPhone = "UIInterfaceOrientationPortrait UIInterfaceOrientationLandscapeLeft UIInterfaceOrientationLandscapeRight";
				IPHONEOS_DEPLOYMENT_TARGET = 16.0;
				LD_RUNPATH_SEARCH_PATHS = "@executable_path/Frameworks";
				"LD_RUNPATH_SEARCH_PATHS[sdk=macosx*]" = "@executable_path/../Frameworks";
				MACOSX_DEPLOYMENT_TARGET = 13.1;
				MARKETING_VERSION = 1.0;
				PRODUCT_BUNDLE_IDENTIFIER = mathan.PhotosList;
				PRODUCT_NAME = "$(TARGET_NAME)";
				SDKROOT = auto;
				SUPPORTED_PLATFORMS = "iphoneos iphonesimulator macosx";
				SWIFT_EMIT_LOC_STRINGS = YES;
				SWIFT_VERSION = 5.0;
				TARGETED_DEVICE_FAMILY = "1,2";
			};
			name = Release;
		};
/* End XCBuildConfiguration section */

/* Begin XCConfigurationList section */
		24EC334A2A939A01000156A6 /* Build configuration list for PBXProject "PhotosList" */ = {
			isa = XCConfigurationList;
			buildConfigurations = (
				24EC335C2A939A04000156A6 /* Debug */,
				24EC335D2A939A04000156A6 /* Release */,
			);
			defaultConfigurationIsVisible = 0;
			defaultConfigurationName = Release;
		};
		24EC335E2A939A04000156A6 /* Build configuration list for PBXNativeTarget "PhotosList" */ = {
			isa = XCConfigurationList;
			buildConfigurations = (
				24EC335F2A939A04000156A6 /* Debug */,
				24EC33602A939A04000156A6 /* Release */,
			);
			defaultConfigurationIsVisible = 0;
			defaultConfigurationName = Release;
		};
/* End XCConfigurationList section */

/* Begin XCRemoteSwiftPackageReference section */
		24EC33772A93A05C000156A6 /* XCRemoteSwiftPackageReference "SDWebImageSwiftUI" */ = {
			isa = XCRemoteSwiftPackageReference;
			repositoryURL = "https://github.com/SDWebImage/SDWebImageSwiftUI";
			requirement = {
				kind = upToNextMajorVersion;
				minimumVersion = 2.0.0;
			};
		};
/* End XCRemoteSwiftPackageReference section */

/* Begin XCSwiftPackageProductDependency section */
		24EC33782A93A05C000156A6 /* SDWebImageSwiftUI */ = {
			isa = XCSwiftPackageProductDependency;
			package = 24EC33772A93A05C000156A6 /* XCRemoteSwiftPackageReference "SDWebImageSwiftUI" */;
			productName = SDWebImageSwiftUI;
		};
/* End XCSwiftPackageProductDependency section */
	};
	rootObject = 24EC33472A939A01000156A6 /* Project object */;
}
